
Microsoft Visual Studio Solution File, Format Version 12.00
# Visual Studio Version 16
VisualStudioVersion = 16.0.29418.71
MinimumVisualStudioVersion = 10.0.40219.1
Project("{9A19103F-16F7-4668-BE54-9A1E7A4F7556}") = "HelpApp.WebApi", "HelpApp.WebApi\HelpApp.WebApi.csproj", "{842CA86A-0CA1-44C2-8CAC-7CB2918CA176}"
EndProject
Project("{9A19103F-16F7-4668-BE54-9A1E7A4F7556}") = "HelpApp.Front", "HelpApp.Front\HelpApp.Front.csproj", "{8BCE542C-EB67-44C0-96DD-9B9D5AD18042}"
EndProject
Project("{9A19103F-16F7-4668-BE54-9A1E7A4F7556}") = "HelpApp.Core", "HelpApp.Core\HelpApp.Core.csproj", "{DA81D12B-72F5-4E6C-912C-F7F3B72DFA61}"
EndProject
Project("{9A19103F-16F7-4668-BE54-9A1E7A4F7556}") = "HelpApp.Infrastructure", "HelpApp.Infrastructure\HelpApp.Infrastructure.csproj", "{AA0DAB35-DBDA-4AB3-9FD6-CDEAE630D674}"
EndProject
Project("{FAE04EC0-301F-11D3-BF4B-00C04F79EFBC}") = "RequestLibrary", "RequestLibrary\RequestLibrary.csproj", "{C9DC199D-1349-4D76-A398-1A5AB1CE9FA3}"
EndProject
Global
	GlobalSection(SolutionConfigurationPlatforms) = preSolution
		Debug|Any CPU = Debug|Any CPU
		Release|Any CPU = Release|Any CPU
	EndGlobalSection
	GlobalSection(ProjectConfigurationPlatforms) = postSolution
		{842CA86A-0CA1-44C2-8CAC-7CB2918CA176}.Debug|Any CPU.ActiveCfg = Debug|Any CPU
		{842CA86A-0CA1-44C2-8CAC-7CB2918CA176}.Debug|Any CPU.Build.0 = Debug|Any CPU
		{842CA86A-0CA1-44C2-8CAC-7CB2918CA176}.Release|Any CPU.ActiveCfg = Release|Any CPU
		{842CA86A-0CA1-44C2-8CAC-7CB2918CA176}.Release|Any CPU.Build.0 = Release|Any CPU
		{8BCE542C-EB67-44C0-96DD-9B9D5AD18042}.Debug|Any CPU.ActiveCfg = Debug|Any CPU
		{8BCE542C-EB67-44C0-96DD-9B9D5AD18042}.Debug|Any CPU.Build.0 = Debug|Any CPU
		{8BCE542C-EB67-44C0-96DD-9B9D5AD18042}.Release|Any CPU.ActiveCfg = Release|Any CPU
		{8BCE542C-EB67-44C0-96DD-9B9D5AD18042}.Release|Any CPU.Build.0 = Release|Any CPU
		{DA81D12B-72F5-4E6C-912C-F7F3B72DFA61}.Debug|Any CPU.ActiveCfg = Debug|Any CPU
		{DA81D12B-72F5-4E6C-912C-F7F3B72DFA61}.Debug|Any CPU.Build.0 = Debug|Any CPU
		{DA81D12B-72F5-4E6C-912C-F7F3B72DFA61}.Release|Any CPU.ActiveCfg = Release|Any CPU
		{DA81D12B-72F5-4E6C-912C-F7F3B72DFA61}.Release|Any CPU.Build.0 = Release|Any CPU
		{AA0DAB35-DBDA-4AB3-9FD6-CDEAE630D674}.Debug|Any CPU.ActiveCfg = Debug|Any CPU
		{AA0DAB35-DBDA-4AB3-9FD6-CDEAE630D674}.Debug|Any CPU.Build.0 = Debug|Any CPU
		{AA0DAB35-DBDA-4AB3-9FD6-CDEAE630D674}.Release|Any CPU.ActiveCfg = Release|Any CPU
		{AA0DAB35-DBDA-4AB3-9FD6-CDEAE630D674}.Release|Any CPU.Build.0 = Release|Any CPU
		{C9DC199D-1349-4D76-A398-1A5AB1CE9FA3}.Debug|Any CPU.ActiveCfg = Debug|Any CPU
		{C9DC199D-1349-4D76-A398-1A5AB1CE9FA3}.Debug|Any CPU.Build.0 = Debug|Any CPU
		{C9DC199D-1349-4D76-A398-1A5AB1CE9FA3}.Release|Any CPU.ActiveCfg = Release|Any CPU
		{C9DC199D-1349-4D76-A398-1A5AB1CE9FA3}.Release|Any CPU.Build.0 = Release|Any CPU
	EndGlobalSection
	GlobalSection(SolutionProperties) = preSolution
		HideSolutionNode = FALSE
	EndGlobalSection
	GlobalSection(ExtensibilityGlobals) = postSolution
		SolutionGuid = {C74AACC3-9C17-433C-BC61-DA291BE15A6B}
	EndGlobalSection
EndGlobal
